<?xml version="1.0" encoding="utf-8"?>
<Project ToolsVersion="4.0" xmlns="http://schemas.microsoft.com/developer/msbuild/2003">
  <ItemGroup>
    <Filter Include="Source Files">
      <UniqueIdentifier>{4FC737F1-C7A5-4376-A066-2A32D752A2FF}</UniqueIdentifier>
      <Extensions>cpp;c;cc;cxx;def;odl;idl;hpj;bat;asm;asmx</Extensions>
    </Filter>
    <Filter Include="Header Files">
      <UniqueIdentifier>{93995380-89BD-4b04-88EB-625FBE52EBFB}</UniqueIdentifier>
      <Extensions>h;hh;hpp;hxx;hm;inl;inc;ipp;xsd</Extensions>
    </Filter>
    <Filter Include="Resource Files">
      <UniqueIdentifier>{67DA6AB6-F800-4c08-8B7A-83BB121AAD01}</UniqueIdentifier>
      <Extensions>rc;ico;cur;bmp;dlg;rc2;rct;bin;rgs;gif;jpg;jpeg;jpe;resx;tiff;tif;png;wav;mfcribbon-ms</Extensions>
    </Filter>
  </ItemGroup>
  <ItemGroup>
    <ClCompile Include="main.cpp">
      <Filter>Source Files</Filter>
    </ClCompile>
    <ClCompile Include="SOIL2\etc1_utils.c">
      <Filter>Source Files</Filter>
    </ClCompile>
    <ClCompile Include="SOIL2\image_DXT.c">
      <Filter>Source Files</Filter>
    </ClCompile>
    <ClCompile Include="SOIL2\image_helper.c">
      <Filter>Source Files</Filter>
    </ClCompile>
    <ClCompile Include="SOIL2\SOIL2.c">
      <Filter>Source Files</Filter>
    </ClCompile>
    <ClCompile Include="Textures\Texture.cpp">
      <Filter>Source Files</Filter>
    </ClCompile>
    <ClCompile Include="Shaders\Shader.cpp">
      <Filter>Source Files</Filter>
    </ClCompile>
    <ClCompile Include="Game\World\World.cpp">
      <Filter>Source Files</Filter>
    </ClCompile>
    <ClCompile Include="Game\Game.cpp">
      <Filter>Source Files</Filter>
    </ClCompile>
    <ClCompile Include="Game\World\world_generation.cpp">
      <Filter>Source Files</Filter>
    </ClCompile>
    <ClCompile Include="Game\World\Chunks\ChunkColumn.cpp">
      <Filter>Source Files</Filter>
    </ClCompile>
    <ClCompile Include="BlockStore.cpp">
      <Filter>Source Files</Filter>
    </ClCompile>
    <ClCompile Include="Renders\UI Stuff\UI_Element.cpp">
      <Filter>Source Files</Filter>
    </ClCompile>
    <ClCompile Include="Renders\UI Stuff\UI_Renderer.cpp">
      <Filter>Source Files</Filter>
    </ClCompile>
    <ClCompile Include="GeomRendering\BufferGeom.cpp">
      <Filter>Source Files</Filter>
    </ClCompile>
    <ClCompile Include="GeomRendering\DrawableGeom.cpp">
      <Filter>Source Files</Filter>
    </ClCompile>
    <ClCompile Include="Helpers\BlocksEncoded.cpp">
      <Filter>Source Files</Filter>
    </ClCompile>
    <ClCompile Include="Helpers\Timers\Timer.cpp">
      <Filter>Source Files</Filter>
    </ClCompile>
    <ClCompile Include="..\..\..\SOURCE\GLAD\src\glad.c">
      <Filter>Source Files</Filter>
    </ClCompile>
    <ClCompile Include="FrameBuffer.cpp">
      <Filter>Source Files</Filter>
    </ClCompile>
    <ClCompile Include="Helpers\Functions.cpp">
      <Filter>Source Files</Filter>
    </ClCompile>
    <ClCompile Include="Helpers\Constants.cpp">
      <Filter>Source Files</Filter>
    </ClCompile>
    <ClCompile Include="Helpers\ShadowBox.cpp">
      <Filter>Source Files</Filter>
    </ClCompile>
    <ClCompile Include="EntityComponent\Component.cpp">
      <Filter>Source Files</Filter>
    </ClCompile>
    <ClCompile Include="EntityComponent\Components\Transform.cpp">
      <Filter>Source Files</Filter>
    </ClCompile>
    <ClCompile Include="EntityComponent\Entity.cpp">
      <Filter>Source Files</Filter>
    </ClCompile>
    <ClCompile Include="EventsSystem\Event.cpp">
      <Filter>Source Files</Filter>
    </ClCompile>
    <ClCompile Include="Mangers\ComponentManager.cpp">
      <Filter>Source Files</Filter>
    </ClCompile>
    <ClCompile Include="Mangers\EntityManager.cpp">
      <Filter>Source Files</Filter>
    </ClCompile>
    <ClCompile Include="Mangers\ModelManager.cpp">
      <Filter>Source Files</Filter>
    </ClCompile>
    <ClCompile Include="Renders\ModelRenderer.cpp">
      <Filter>Source Files</Filter>
    </ClCompile>
    <ClCompile Include="IndexedBuffer.cpp">
      <Filter>Source Files</Filter>
    </ClCompile>
    <ClCompile Include="Helpers\ModelLoaders\ModelLoader.cpp">
      <Filter>Source Files</Filter>
    </ClCompile>
    <ClCompile Include="Helpers\ModelLoaders\Model.cpp">
      <Filter>Source Files</Filter>
    </ClCompile>
    <ClCompile Include="Mangers\GizmoManager.cpp">
      <Filter>Source Files</Filter>
    </ClCompile>
    <ClCompile Include="Gizmos\IShape.cpp">
      <Filter>Source Files</Filter>
    </ClCompile>
    <ClCompile Include="Gizmos\Primatives\Point.cpp">
      <Filter>Source Files</Filter>
    </ClCompile>
    <ClCompile Include="Gizmos\Primatives\Line.cpp">
      <Filter>Source Files</Filter>
    </ClCompile>
    <ClCompile Include="Gizmos\Primatives\Circle.cpp">
      <Filter>Source Files</Filter>
    </ClCompile>
    <ClCompile Include="Gizmos\Composite\Cuboide.cpp">
      <Filter>Source Files</Filter>
    </ClCompile>
    <ClCompile Include="Gizmos\Composite\Sphere.cpp">
      <Filter>Source Files</Filter>
    </ClCompile>
    <ClCompile Include="Gizmos\Composite\Triangle.cpp">
      <Filter>Source Files</Filter>
    </ClCompile>
    <ClCompile Include="Gizmos\Composite\Arrow.cpp">
      <Filter>Source Files</Filter>
    </ClCompile>
    <ClCompile Include="Gizmos\Composite\Grid2D.cpp">
      <Filter>Source Files</Filter>
    </ClCompile>
    <ClCompile Include="Material.cpp">
      <Filter>Source Files</Filter>
    </ClCompile>
    <ClCompile Include="UniformBuffer.cpp">
      <Filter>Source Files</Filter>
    </ClCompile>
    <ClCompile Include="Helpers\Timers\TimerGroup.cpp">
      <Filter>Source Files</Filter>
    </ClCompile>
    <ClCompile Include="EntityComponent\Entities\Player.cpp">
      <Filter>Source Files</Filter>
    </ClCompile>
    <ClCompile Include="EntityComponent\Components\Camera.cpp">
      <Filter>Source Files</Filter>
    </ClCompile>
    <ClCompile Include="EntityComponent\Components\FlightControls.cpp">
      <Filter>Source Files</Filter>
    </ClCompile>
    <ClCompile Include="EntityComponent\Components\BoxCollider.cpp">
      <Filter>Source Files</Filter>
    </ClCompile>
    <ClCompile Include="Mangers\CollisionManager.cpp">
      <Filter>Source Files</Filter>
    </ClCompile>
    <ClCompile Include="EntityComponent\Components\RigidBody.cpp">
      <Filter>Source Files</Filter>
    </ClCompile>
  </ItemGroup>
  <ItemGroup>
    <None Include="Shaders\block3_v.gls" />
    <None Include="Shaders\block3_f.gls" />
    <None Include="Shaders\skybox_f.gls" />
    <None Include="Shaders\skybox_v.gls" />
    <None Include="Shaders\block2_f.gls" />
    <None Include="Shaders\block2_v.gls" />
    <None Include="Shaders\skybox.vert" />
    <None Include="Shaders\skybox.frag" />
    <None Include="Shaders\glyph.vert" />
    <None Include="Shaders\glyph.frag" />
    <None Include="Shaders\crosshair.vert" />
    <None Include="Shaders\crosshair.frag" />
  </ItemGroup>
  <ItemGroup>
    <ClInclude Include="SOIL2\etc1_utils.h">
      <Filter>Header Files</Filter>
    </ClInclude>
    <ClInclude Include="SOIL2\image_DXT.h">
      <Filter>Header Files</Filter>
    </ClInclude>
    <ClInclude Include="SOIL2\image_helper.h">
      <Filter>Header Files</Filter>
    </ClInclude>
    <ClInclude Include="SOIL2\jo_jpeg.h">
      <Filter>Header Files</Filter>
    </ClInclude>
    <ClInclude Include="SOIL2\pkm_helper.h">
      <Filter>Header Files</Filter>
    </ClInclude>
    <ClInclude Include="SOIL2\pvr_helper.h">
      <Filter>Header Files</Filter>
    </ClInclude>
    <ClInclude Include="SOIL2\SOIL2.h">
      <Filter>Header Files</Filter>
    </ClInclude>
    <ClInclude Include="SOIL2\stb_image.h">
      <Filter>Header Files</Filter>
    </ClInclude>
    <ClInclude Include="SOIL2\stb_image_write.h">
      <Filter>Header Files</Filter>
    </ClInclude>
    <ClInclude Include="SOIL2\stbi_DDS.h">
      <Filter>Header Files</Filter>
    </ClInclude>
    <ClInclude Include="SOIL2\stbi_DDS_c.h">
      <Filter>Header Files</Filter>
    </ClInclude>
    <ClInclude Include="SOIL2\stbi_ext.h">
      <Filter>Header Files</Filter>
    </ClInclude>
    <ClInclude Include="SOIL2\stbi_ext_c.h">
      <Filter>Header Files</Filter>
    </ClInclude>
    <ClInclude Include="SOIL2\stbi_pkm.h">
      <Filter>Header Files</Filter>
    </ClInclude>
    <ClInclude Include="SOIL2\stbi_pkm_c.h">
      <Filter>Header Files</Filter>
    </ClInclude>
    <ClInclude Include="SOIL2\stbi_pvr.h">
      <Filter>Header Files</Filter>
    </ClInclude>
    <ClInclude Include="SOIL2\stbi_pvr_c.h">
      <Filter>Header Files</Filter>
    </ClInclude>
    <ClInclude Include="Textures\Texture.h">
      <Filter>Header Files</Filter>
    </ClInclude>
    <ClInclude Include="Shaders\Shader.h">
      <Filter>Header Files</Filter>
    </ClInclude>
    <ClInclude Include="Game\World\World.h">
      <Filter>Header Files</Filter>
    </ClInclude>
    <ClInclude Include="Game\Game.h">
      <Filter>Header Files</Filter>
    </ClInclude>
    <ClInclude Include="Game\World\world_generation.h">
      <Filter>Header Files</Filter>
    </ClInclude>
    <ClInclude Include="Game\World\Chunks\ChunkColumn.h">
      <Filter>Header Files</Filter>
    </ClInclude>
    <ClInclude Include="BlockStore.h">
      <Filter>Header Files</Filter>
    </ClInclude>
    <ClInclude Include="Renders\UI Stuff\UI_Element.h">
      <Filter>Header Files</Filter>
    </ClInclude>
    <ClInclude Include="Renders\UI Stuff\UI_Renderer.h">
      <Filter>Header Files</Filter>
    </ClInclude>
    <ClInclude Include="GeomRendering\BufferGeom.h">
      <Filter>Header Files</Filter>
    </ClInclude>
    <ClInclude Include="GeomRendering\GeomData.h">
      <Filter>Header Files</Filter>
    </ClInclude>
    <ClInclude Include="GeomRendering\DrawableGeom.h">
      <Filter>Header Files</Filter>
    </ClInclude>
    <ClInclude Include="GeomRendering\DrawData.h">
      <Filter>Header Files</Filter>
    </ClInclude>
    <ClInclude Include="Helpers\BlocksEncoded.h">
      <Filter>Header Files</Filter>
    </ClInclude>
    <ClInclude Include="Helpers\Timers\Timer.h">
      <Filter>Header Files</Filter>
    </ClInclude>
    <ClInclude Include="Helpers\BlockDetails.h">
      <Filter>Header Files</Filter>
    </ClInclude>
    <ClInclude Include="FrameBuffer.h">
      <Filter>Header Files</Filter>
    </ClInclude>
    <ClInclude Include="Helpers\Constants.h">
      <Filter>Header Files</Filter>
    </ClInclude>
    <ClInclude Include="Helpers\Functions.h">
      <Filter>Header Files</Filter>
    </ClInclude>
    <ClInclude Include="Helpers\ShadowBox.h">
      <Filter>Header Files</Filter>
    </ClInclude>
    <ClInclude Include="EntityComponent\Entity.h">
      <Filter>Header Files</Filter>
    </ClInclude>
    <ClInclude Include="EntityComponent\Component.h">
      <Filter>Header Files</Filter>
    </ClInclude>
    <ClInclude Include="EntityComponent\Components\Transform.h">
      <Filter>Header Files</Filter>
    </ClInclude>
    <ClInclude Include="EntityComponent\ComponentTypes.h">
      <Filter>Header Files</Filter>
    </ClInclude>
    <ClInclude Include="EventsSystem\EventCallback.h">
      <Filter>Header Files</Filter>
    </ClInclude>
    <ClInclude Include="EventsSystem\Event.h">
      <Filter>Header Files</Filter>
    </ClInclude>
    <ClInclude Include="EventsSystem\IEventCallback.h">
      <Filter>Header Files</Filter>
    </ClInclude>
    <ClInclude Include="Mangers\ComponentManager.h">
      <Filter>Header Files</Filter>
    </ClInclude>
    <ClInclude Include="Mangers\EntityManager.h">
      <Filter>Header Files</Filter>
    </ClInclude>
    <ClInclude Include="Mangers\Manager.h">
      <Filter>Header Files</Filter>
    </ClInclude>
    <ClInclude Include="Mangers\ModelManager.h">
      <Filter>Header Files</Filter>
    </ClInclude>
    <ClInclude Include="Renders\ModelRenderer.h">
      <Filter>Header Files</Filter>
    </ClInclude>
    <ClInclude Include="IndexedBuffer.h">
      <Filter>Header Files</Filter>
    </ClInclude>
    <ClInclude Include="Helpers\ModelLoaders\Mesh.h">
      <Filter>Header Files</Filter>
    </ClInclude>
    <ClInclude Include="Helpers\ModelLoaders\ModelLoader.h">
      <Filter>Header Files</Filter>
    </ClInclude>
    <ClInclude Include="Helpers\ModelLoaders\Model.h">
      <Filter>Header Files</Filter>
    </ClInclude>
    <ClInclude Include="Mangers\GizmoManager.h">
      <Filter>Header Files</Filter>
    </ClInclude>
    <ClInclude Include="Gizmos\IShape.h">
      <Filter>Header Files</Filter>
    </ClInclude>
    <ClInclude Include="Gizmos\Primatives\Point.h">
      <Filter>Header Files</Filter>
    </ClInclude>
    <ClInclude Include="Gizmos\Primatives\Line.h">
      <Filter>Header Files</Filter>
    </ClInclude>
    <ClInclude Include="Gizmos\Primatives\Circle.h">
      <Filter>Header Files</Filter>
    </ClInclude>
    <ClInclude Include="Gizmos\Composite\Cuboide.h">
      <Filter>Header Files</Filter>
    </ClInclude>
    <ClInclude Include="Gizmos\Composite\Sphere.h">
      <Filter>Header Files</Filter>
    </ClInclude>
    <ClInclude Include="Gizmos\Composite\Triangle.h">
      <Filter>Header Files</Filter>
    </ClInclude>
    <ClInclude Include="Gizmos\Composite\Arrow.h">
      <Filter>Header Files</Filter>
    </ClInclude>
    <ClInclude Include="Gizmos\Composite\Grid2D.h">
      <Filter>Header Files</Filter>
    </ClInclude>
    <ClInclude Include="Material.h">
      <Filter>Header Files</Filter>
    </ClInclude>
    <ClInclude Include="UniformBuffer.h">
      <Filter>Header Files</Filter>
    </ClInclude>
    <ClInclude Include="Helpers\Timers\TimerGroup.h">
      <Filter>Header Files</Filter>
    </ClInclude>
    <ClInclude Include="Helpers\Async\DynamicAsyncPool.h">
      <Filter>Header Files</Filter>
    </ClInclude>
    <ClInclude Include="Helpers\Async\StaticAsyncPool.h">
      <Filter>Header Files</Filter>
    </ClInclude>
    <ClInclude Include="EntityComponent\Entities\Player.h">
      <Filter>Header Files</Filter>
    </ClInclude>
    <ClInclude Include="EntityComponent\Components\Camera.h">
      <Filter>Header Files</Filter>
    </ClInclude>
    <ClInclude Include="EntityComponent\Components\FlightControls.h">
      <Filter>Header Files</Filter>
    </ClInclude>
    <ClInclude Include="EntityComponent\Components\BoxCollider.h">
      <Filter>Header Files</Filter>
    </ClInclude>
    <ClInclude Include="Mangers\CollisionManager.h">
      <Filter>Header Files</Filter>
    </ClInclude>
    <ClInclude Include="EntityComponent\Components\RigidBody.h">
      <Filter>Header Files</Filter>
    </ClInclude>
  </ItemGroup>
  <ItemGroup>
    <Image Include="Textures\cobblestone_diff.png">
      <Filter>Resource Files</Filter>
    </Image>
    <Image Include="Textures\cobblestone_spec.png">
      <Filter>Resource Files</Filter>
    </Image>
    <Image Include="Textures\grass_diff.png">
      <Filter>Resource Files</Filter>
    </Image>
    <Image Include="Textures\grass_spec.png">
      <Filter>Resource Files</Filter>
    </Image>
    <Image Include="Textures\stone_diff.png">
      <Filter>Resource Files</Filter>
    </Image>
    <Image Include="Textures\stone_spec.png">
      <Filter>Resource Files</Filter>
    </Image>
    <Image Include="Textures\grass\back.png">
      <Filter>Resource Files</Filter>
    </Image>
    <Image Include="Textures\grass\bottom.png">
      <Filter>Resource Files</Filter>
    </Image>
    <Image Include="Textures\grass\front.png">
      <Filter>Resource Files</Filter>
    </Image>
    <Image Include="Textures\grass\left.png">
      <Filter>Resource Files</Filter>
    </Image>
    <Image Include="Textures\grass\right.png">
      <Filter>Resource Files</Filter>
    </Image>
    <Image Include="Textures\grass\top.png">
      <Filter>Resource Files</Filter>
    </Image>
    <Image Include="Textures\crosshair.png">
      <Filter>Resource Files</Filter>
    </Image>
  </ItemGroup>
  <ItemGroup>
    <CopyFileToFolders Include="..\..\..\SOURCE\FastNoise2\Win32\bin\FastNoiseD.dll" />
    <CopyFileToFolders Include="..\..\..\SOURCE\FastNoise2\Win32\bin\FastNoise.dll" />
  </ItemGroup>
</Project>